
Microsoft Visual Studio Solution File, Format Version 12.00
# Visual Studio Version 17
VisualStudioVersion = 17.14.36414.22
MinimumVisualStudioVersion = 10.0.40219.1
Project("{FAE04EC0-301F-11D3-BF4B-00C04F79EFBC}") = "DealershipStockManagement.Api", "DealershipStockManagement\DealershipStockManagement.Api.csproj", "{969AD9FF-FC7A-4A9A-B58B-09B127D6CC27}"
EndProject
Project("{FAE04EC0-301F-11D3-BF4B-00C04F79EFBC}") = "DealershipStockManagement.Application", "DealershipStockManagement.Services\DealershipStockManagement.Application.csproj", "{9E329713-3328-4EF0-83B7-D78F54FD5A4A}"
EndProject
Project("{FAE04EC0-301F-11D3-BF4B-00C04F79EFBC}") = "DealershipStockManagement.Infrastructure", "DealershipStockManagement.Infrastructure\DealershipStockManagement.Infrastructure.csproj", "{7753D52A-9A2D-4585-AA4F-706D6A692CD4}"
EndProject
Project("{FAE04EC0-301F-11D3-BF4B-00C04F79EFBC}") = "DealershipStockManagement.Domain", "DealershipStockManagement.Domain\DealershipStockManagement.Domain.csproj", "{1B021806-70B7-4D99-8434-43008F2A7083}"
EndProject
Global
	GlobalSection(SolutionConfigurationPlatforms) = preSolution
		Debug|Any CPU = Debug|Any CPU
		Release|Any CPU = Release|Any CPU
	EndGlobalSection
	GlobalSection(ProjectConfigurationPlatforms) = postSolution
		{969AD9FF-FC7A-4A9A-B58B-09B127D6CC27}.Debug|Any CPU.ActiveCfg = Debug|Any CPU
		{969AD9FF-FC7A-4A9A-B58B-09B127D6CC27}.Debug|Any CPU.Build.0 = Debug|Any CPU
		{969AD9FF-FC7A-4A9A-B58B-09B127D6CC27}.Release|Any CPU.ActiveCfg = Release|Any CPU
		{969AD9FF-FC7A-4A9A-B58B-09B127D6CC27}.Release|Any CPU.Build.0 = Release|Any CPU
		{9E329713-3328-4EF0-83B7-D78F54FD5A4A}.Debug|Any CPU.ActiveCfg = Debug|Any CPU
		{9E329713-3328-4EF0-83B7-D78F54FD5A4A}.Debug|Any CPU.Build.0 = Debug|Any CPU
		{9E329713-3328-4EF0-83B7-D78F54FD5A4A}.Release|Any CPU.ActiveCfg = Release|Any CPU
		{9E329713-3328-4EF0-83B7-D78F54FD5A4A}.Release|Any CPU.Build.0 = Release|Any CPU
		{7753D52A-9A2D-4585-AA4F-706D6A692CD4}.Debug|Any CPU.ActiveCfg = Debug|Any CPU
		{7753D52A-9A2D-4585-AA4F-706D6A692CD4}.Debug|Any CPU.Build.0 = Debug|Any CPU
		{7753D52A-9A2D-4585-AA4F-706D6A692CD4}.Release|Any CPU.ActiveCfg = Release|Any CPU
		{7753D52A-9A2D-4585-AA4F-706D6A692CD4}.Release|Any CPU.Build.0 = Release|Any CPU
		{1B021806-70B7-4D99-8434-43008F2A7083}.Debug|Any CPU.ActiveCfg = Debug|Any CPU
		{1B021806-70B7-4D99-8434-43008F2A7083}.Debug|Any CPU.Build.0 = Debug|Any CPU
		{1B021806-70B7-4D99-8434-43008F2A7083}.Release|Any CPU.ActiveCfg = Release|Any CPU
		{1B021806-70B7-4D99-8434-43008F2A7083}.Release|Any CPU.Build.0 = Release|Any CPU
	EndGlobalSection
	GlobalSection(SolutionProperties) = preSolution
		HideSolutionNode = FALSE
	EndGlobalSection
	GlobalSection(ExtensibilityGlobals) = postSolution
		SolutionGuid = {949E8FE9-BAB9-428D-BAE2-4802E9B6E44A}
	EndGlobalSection
EndGlobal
